
Microsoft Visual Studio Solution File, Format Version 12.00
# Visual Studio 15
VisualStudioVersion = 15.0.27428.2037
MinimumVisualStudioVersion = 10.0.40219.1
Project("{9A19103F-16F7-4668-BE54-9A1E7A4F7556}") = "System.CoreFX.Forms", "src\System.CoreFX.Forms.csproj", "{FA220ECD-E37C-4A95-8A7E-5DFD7F01F376}"
EndProject
Global
	GlobalSection(SolutionConfigurationPlatforms) = preSolution
		Debug|Any CPU = Debug|Any CPU
		Release|Any CPU = Release|Any CPU
	EndGlobalSection
	GlobalSection(ProjectConfigurationPlatforms) = postSolution
		{FA220ECD-E37C-4A95-8A7E-5DFD7F01F376}.Debug|Any CPU.ActiveCfg = Debug|Any CPU
		{FA220ECD-E37C-4A95-8A7E-5DFD7F01F376}.Debug|Any CPU.Build.0 = Debug|Any CPU
		{FA220ECD-E37C-4A95-8A7E-5DFD7F01F376}.Release|Any CPU.ActiveCfg = Release|Any CPU
		{FA220ECD-E37C-4A95-8A7E-5DFD7F01F376}.Release|Any CPU.Build.0 = Release|Any CPU
	EndGlobalSection
	GlobalSection(SolutionProperties) = preSolution
		HideSolutionNode = FALSE
	EndGlobalSection
	GlobalSection(ExtensibilityGlobals) = postSolution
		SolutionGuid = {81A8D592-7E7C-4119-99BB-24D953F76BC2}
	EndGlobalSection
EndGlobal
